
Microsoft Visual Studio Solution File, Format Version 12.00
# Visual Studio Version 17
VisualStudioVersion = 17.6.33815.320
MinimumVisualStudioVersion = 10.0.40219.1
Project("{9A19103F-16F7-4668-BE54-9A1E7A4F7556}") = "AspNetCoreIdentityApp.Web", "AspNetCoreIdentityApp.Web\AspNetCoreIdentityApp.Web.csproj", "{D2934678-7AD4-4270-A49B-914A2234CC10}"
EndProject
Project("{FAE04EC0-301F-11D3-BF4B-00C04F79EFBC}") = "AspNetCoreIdentityApp.Core", "AspNetCoreIdentityApp.Core\AspNetCoreIdentityApp.Core.csproj", "{F8D29E6E-4CEA-4F0C-BC14-26008C5A2C84}"
EndProject
Project("{FAE04EC0-301F-11D3-BF4B-00C04F79EFBC}") = "AspNetCoreIdentityApp.Repository", "AspNetCoreIdentityApp.Repository\AspNetCoreIdentityApp.Repository.csproj", "{2FACF202-1589-4089-A4CB-C14E35BE0193}"
EndProject
Project("{FAE04EC0-301F-11D3-BF4B-00C04F79EFBC}") = "AspNetCoreIdentityApp.Service", "AspNetCoreIdentityApp.Service\AspNetCoreIdentityApp.Service.csproj", "{F97D0FE9-532C-4DF1-8AB0-890923DC5B74}"
EndProject
Global
	GlobalSection(SolutionConfigurationPlatforms) = preSolution
		Debug|Any CPU = Debug|Any CPU
		Release|Any CPU = Release|Any CPU
	EndGlobalSection
	GlobalSection(ProjectConfigurationPlatforms) = postSolution
		{D2934678-7AD4-4270-A49B-914A2234CC10}.Debug|Any CPU.ActiveCfg = Debug|Any CPU
		{D2934678-7AD4-4270-A49B-914A2234CC10}.Debug|Any CPU.Build.0 = Debug|Any CPU
		{D2934678-7AD4-4270-A49B-914A2234CC10}.Release|Any CPU.ActiveCfg = Release|Any CPU
		{D2934678-7AD4-4270-A49B-914A2234CC10}.Release|Any CPU.Build.0 = Release|Any CPU
		{F8D29E6E-4CEA-4F0C-BC14-26008C5A2C84}.Debug|Any CPU.ActiveCfg = Debug|Any CPU
		{F8D29E6E-4CEA-4F0C-BC14-26008C5A2C84}.Debug|Any CPU.Build.0 = Debug|Any CPU
		{F8D29E6E-4CEA-4F0C-BC14-26008C5A2C84}.Release|Any CPU.ActiveCfg = Release|Any CPU
		{F8D29E6E-4CEA-4F0C-BC14-26008C5A2C84}.Release|Any CPU.Build.0 = Release|Any CPU
		{2FACF202-1589-4089-A4CB-C14E35BE0193}.Debug|Any CPU.ActiveCfg = Debug|Any CPU
		{2FACF202-1589-4089-A4CB-C14E35BE0193}.Debug|Any CPU.Build.0 = Debug|Any CPU
		{2FACF202-1589-4089-A4CB-C14E35BE0193}.Release|Any CPU.ActiveCfg = Release|Any CPU
		{2FACF202-1589-4089-A4CB-C14E35BE0193}.Release|Any CPU.Build.0 = Release|Any CPU
		{F97D0FE9-532C-4DF1-8AB0-890923DC5B74}.Debug|Any CPU.ActiveCfg = Debug|Any CPU
		{F97D0FE9-532C-4DF1-8AB0-890923DC5B74}.Debug|Any CPU.Build.0 = Debug|Any CPU
		{F97D0FE9-532C-4DF1-8AB0-890923DC5B74}.Release|Any CPU.ActiveCfg = Release|Any CPU
		{F97D0FE9-532C-4DF1-8AB0-890923DC5B74}.Release|Any CPU.Build.0 = Release|Any CPU
	EndGlobalSection
	GlobalSection(SolutionProperties) = preSolution
		HideSolutionNode = FALSE
	EndGlobalSection
	GlobalSection(ExtensibilityGlobals) = postSolution
		SolutionGuid = {348639FD-76BA-4BE8-8B41-9A4F9E1FC91D}
	EndGlobalSection
EndGlobal
